// !$*UTF8*$!
{
	archiveVersion = 1;
	classes = {
	};
	objectVersion = 56;
	objects = {

/* Begin PBXBuildFile section */
		2DC82935E74183D351F3270D /* Pods_iOSCaseStudy.framework in Frameworks */ = {isa = PBXBuildFile; fileRef = 6A5EA96CFF31710E1D5CFF75 /* Pods_iOSCaseStudy.framework */; };
		6F4FDE112A5FB926002DC887 /* Localizable.strings in Resources */ = {isa = PBXBuildFile; fileRef = 6F4FDE132A5FB926002DC887 /* Localizable.strings */; };
		6F4FDE1C2A5FBA8B002DC887 /* StringExtension.swift in Sources */ = {isa = PBXBuildFile; fileRef = 6F4FDE1B2A5FBA8B002DC887 /* StringExtension.swift */; };
		6F4FDE1E2A5FC077002DC887 /* Constants.swift in Sources */ = {isa = PBXBuildFile; fileRef = 6F4FDE1D2A5FC077002DC887 /* Constants.swift */; };
		6F521CD72A5FA19A0001BA90 /* SceneDelegate.swift in Sources */ = {isa = PBXBuildFile; fileRef = 6F521CD62A5FA19A0001BA90 /* SceneDelegate.swift */; };
		6F521CDC2A5FA19A0001BA90 /* Main.storyboard in Resources */ = {isa = PBXBuildFile; fileRef = 6F521CDA2A5FA19A0001BA90 /* Main.storyboard */; };
		6F521CDE2A5FA19C0001BA90 /* Assets.xcassets in Resources */ = {isa = PBXBuildFile; fileRef = 6F521CDD2A5FA19C0001BA90 /* Assets.xcassets */; };
		6F521CE12A5FA19C0001BA90 /* LaunchScreen.storyboard in Resources */ = {isa = PBXBuildFile; fileRef = 6F521CDF2A5FA19C0001BA90 /* LaunchScreen.storyboard */; };
		6F521D062A5FA8E80001BA90 /* AppDelegate.swift in Sources */ = {isa = PBXBuildFile; fileRef = 6F521D052A5FA8E80001BA90 /* AppDelegate.swift */; };
		6F521D142A5FADD90001BA90 /* SignupViewModel.swift in Sources */ = {isa = PBXBuildFile; fileRef = 6F521D0F2A5FADD80001BA90 /* SignupViewModel.swift */; };
		6F521D162A5FADD90001BA90 /* SignupViewController.swift in Sources */ = {isa = PBXBuildFile; fileRef = 6F521D132A5FADD90001BA90 /* SignupViewController.swift */; };
		6F5AC7C52A5FE6BD007FB90E /* FeedViewController.swift in Sources */ = {isa = PBXBuildFile; fileRef = 6F5AC7C42A5FE6BD007FB90E /* FeedViewController.swift */; };
		6F5AC7C72A5FE6DA007FB90E /* FeedViewModel.swift in Sources */ = {isa = PBXBuildFile; fileRef = 6F5AC7C62A5FE6DA007FB90E /* FeedViewModel.swift */; };
		6F5AC7C92A5FE819007FB90E /* Feeds.swift in Sources */ = {isa = PBXBuildFile; fileRef = 6F5AC7C82A5FE819007FB90E /* Feeds.swift */; };
		6F5AC7D22A5FEA10007FB90E /* RequestMethod.swift in Sources */ = {isa = PBXBuildFile; fileRef = 6F5AC7CE2A5FEA10007FB90E /* RequestMethod.swift */; };
		6F5AC7D32A5FEA10007FB90E /* HTTPClient.swift in Sources */ = {isa = PBXBuildFile; fileRef = 6F5AC7CF2A5FEA10007FB90E /* HTTPClient.swift */; };
		6F5AC7D42A5FEA10007FB90E /* RequestError.swift in Sources */ = {isa = PBXBuildFile; fileRef = 6F5AC7D02A5FEA10007FB90E /* RequestError.swift */; };
		6F5AC7D52A5FEA10007FB90E /* Endpoint.swift in Sources */ = {isa = PBXBuildFile; fileRef = 6F5AC7D12A5FEA10007FB90E /* Endpoint.swift */; };
		6F5AC7D92A5FEB88007FB90E /* FeedEndpoint.swift in Sources */ = {isa = PBXBuildFile; fileRef = 6F5AC7D82A5FEB88007FB90E /* FeedEndpoint.swift */; };
		6F5AC7DB2A5FEB90007FB90E /* FeedService.swift in Sources */ = {isa = PBXBuildFile; fileRef = 6F5AC7DA2A5FEB90007FB90E /* FeedService.swift */; };
		6F5AC7DD2A5FF8C3007FB90E /* FeedTableViewCell.swift in Sources */ = {isa = PBXBuildFile; fileRef = 6F5AC7DC2A5FF8C3007FB90E /* FeedTableViewCell.swift */; };
		6F5AC7E32A6007DB007FB90E /* TopFeeds.swift in Sources */ = {isa = PBXBuildFile; fileRef = 6F5AC7E22A6007DB007FB90E /* TopFeeds.swift */; };
		6F5AC7E52A60233A007FB90E /* ShowAlertProtocol.swift in Sources */ = {isa = PBXBuildFile; fileRef = 6F5AC7E42A60233A007FB90E /* ShowAlertProtocol.swift */; };
		6F5AC7E72A602511007FB90E /* ValidationProtocol.swift in Sources */ = {isa = PBXBuildFile; fileRef = 6F5AC7E62A602511007FB90E /* ValidationProtocol.swift */; };
		6F859C342A61212D001B973B /* FeedServiceTest.swift in Sources */ = {isa = PBXBuildFile; fileRef = 6F859C262A61212D001B973B /* FeedServiceTest.swift */; };
		6F859C352A61212D001B973B /* FeedViewModelTest.swift in Sources */ = {isa = PBXBuildFile; fileRef = 6F859C272A61212D001B973B /* FeedViewModelTest.swift */; };
		6F859C362A61212D001B973B /* MockFeedServiceFailure.swift in Sources */ = {isa = PBXBuildFile; fileRef = 6F859C282A61212D001B973B /* MockFeedServiceFailure.swift */; };
		6F859C372A61212D001B973B /* MockFeedServiceEmpty.swift in Sources */ = {isa = PBXBuildFile; fileRef = 6F859C292A61212D001B973B /* MockFeedServiceEmpty.swift */; };
		6F859C382A61212D001B973B /* MostViewed.json in Resources */ = {isa = PBXBuildFile; fileRef = 6F859C2B2A61212D001B973B /* MostViewed.json */; };
		6F859C392A61212D001B973B /* MostShared.json in Resources */ = {isa = PBXBuildFile; fileRef = 6F859C2C2A61212D001B973B /* MostShared.json */; };
		6F859C3A2A61212D001B973B /* MostEmailed.json in Resources */ = {isa = PBXBuildFile; fileRef = 6F859C2D2A61212D001B973B /* MostEmailed.json */; };
		6F859C3B2A61212D001B973B /* FeedEndPointTest.swift in Sources */ = {isa = PBXBuildFile; fileRef = 6F859C2E2A61212D001B973B /* FeedEndPointTest.swift */; };
		6F859C3C2A61212D001B973B /* DataLoader.swift in Sources */ = {isa = PBXBuildFile; fileRef = 6F859C2F2A61212D001B973B /* DataLoader.swift */; };
		6F859C3D2A61212D001B973B /* MockFeedServiceSuccess.swift in Sources */ = {isa = PBXBuildFile; fileRef = 6F859C302A61212D001B973B /* MockFeedServiceSuccess.swift */; };
		6F859C3E2A61212D001B973B /* SigupViewModelTest.swift in Sources */ = {isa = PBXBuildFile; fileRef = 6F859C322A61212D001B973B /* SigupViewModelTest.swift */; };
		6F859C422A612153001B973B /* SignupUITests.swift in Sources */ = {isa = PBXBuildFile; fileRef = 6F859C412A612153001B973B /* SignupUITests.swift */; };
/* End PBXBuildFile section */

/* Begin PBXContainerItemProxy section */
		6F859BF62A612011001B973B /* PBXContainerItemProxy */ = {
			isa = PBXContainerItemProxy;
			containerPortal = 6F521CC92A5FA19A0001BA90 /* Project object */;
			proxyType = 1;
			remoteGlobalIDString = 6F521CD02A5FA19A0001BA90;
			remoteInfo = iOSCaseStudy;
		};
		6F859C052A612018001B973B /* PBXContainerItemProxy */ = {
			isa = PBXContainerItemProxy;
			containerPortal = 6F521CC92A5FA19A0001BA90 /* Project object */;
			proxyType = 1;
			remoteGlobalIDString = 6F521CD02A5FA19A0001BA90;
			remoteInfo = iOSCaseStudy;
		};
/* End PBXContainerItemProxy section */

/* Begin PBXFileReference section */
		6A5EA96CFF31710E1D5CFF75 /* Pods_iOSCaseStudy.framework */ = {isa = PBXFileReference; explicitFileType = wrapper.framework; includeInIndex = 0; path = Pods_iOSCaseStudy.framework; sourceTree = BUILT_PRODUCTS_DIR; };
		6F4FDE0C2A5FB903002DC887 /* hi */ = {isa = PBXFileReference; lastKnownFileType = text.plist.strings; name = hi; path = hi.lproj/Main.strings; sourceTree = "<group>"; };
		6F4FDE0D2A5FB903002DC887 /* hi */ = {isa = PBXFileReference; lastKnownFileType = text.plist.strings; name = hi; path = hi.lproj/LaunchScreen.strings; sourceTree = "<group>"; };
		6F4FDE122A5FB926002DC887 /* en */ = {isa = PBXFileReference; lastKnownFileType = text.plist.strings; name = en; path = en.lproj/Localizable.strings; sourceTree = "<group>"; };
		6F4FDE192A5FB968002DC887 /* hi */ = {isa = PBXFileReference; lastKnownFileType = text.plist.strings; name = hi; path = hi.lproj/Localizable.strings; sourceTree = "<group>"; };
		6F4FDE1B2A5FBA8B002DC887 /* StringExtension.swift */ = {isa = PBXFileReference; lastKnownFileType = sourcecode.swift; path = StringExtension.swift; sourceTree = "<group>"; };
		6F4FDE1D2A5FC077002DC887 /* Constants.swift */ = {isa = PBXFileReference; lastKnownFileType = sourcecode.swift; path = Constants.swift; sourceTree = "<group>"; };
		6F521CD12A5FA19A0001BA90 /* iOSCaseStudy.app */ = {isa = PBXFileReference; explicitFileType = wrapper.application; includeInIndex = 0; path = iOSCaseStudy.app; sourceTree = BUILT_PRODUCTS_DIR; };
		6F521CD62A5FA19A0001BA90 /* SceneDelegate.swift */ = {isa = PBXFileReference; lastKnownFileType = sourcecode.swift; path = SceneDelegate.swift; sourceTree = "<group>"; };
		6F521CDB2A5FA19A0001BA90 /* Base */ = {isa = PBXFileReference; lastKnownFileType = file.storyboard; name = Base; path = Base.lproj/Main.storyboard; sourceTree = "<group>"; };
		6F521CDD2A5FA19C0001BA90 /* Assets.xcassets */ = {isa = PBXFileReference; lastKnownFileType = folder.assetcatalog; path = Assets.xcassets; sourceTree = "<group>"; };
		6F521CE02A5FA19C0001BA90 /* Base */ = {isa = PBXFileReference; lastKnownFileType = file.storyboard; name = Base; path = Base.lproj/LaunchScreen.storyboard; sourceTree = "<group>"; };
		6F521CE22A5FA19C0001BA90 /* Info.plist */ = {isa = PBXFileReference; lastKnownFileType = text.plist.xml; path = Info.plist; sourceTree = "<group>"; };
		6F521D052A5FA8E80001BA90 /* AppDelegate.swift */ = {isa = PBXFileReference; fileEncoding = 4; lastKnownFileType = sourcecode.swift; path = AppDelegate.swift; sourceTree = "<group>"; };
		6F521D0F2A5FADD80001BA90 /* SignupViewModel.swift */ = {isa = PBXFileReference; fileEncoding = 4; lastKnownFileType = sourcecode.swift; path = SignupViewModel.swift; sourceTree = "<group>"; };
		6F521D132A5FADD90001BA90 /* SignupViewController.swift */ = {isa = PBXFileReference; fileEncoding = 4; lastKnownFileType = sourcecode.swift; path = SignupViewController.swift; sourceTree = "<group>"; };
		6F5AC7C42A5FE6BD007FB90E /* FeedViewController.swift */ = {isa = PBXFileReference; lastKnownFileType = sourcecode.swift; path = FeedViewController.swift; sourceTree = "<group>"; };
		6F5AC7C62A5FE6DA007FB90E /* FeedViewModel.swift */ = {isa = PBXFileReference; lastKnownFileType = sourcecode.swift; path = FeedViewModel.swift; sourceTree = "<group>"; };
		6F5AC7C82A5FE819007FB90E /* Feeds.swift */ = {isa = PBXFileReference; lastKnownFileType = sourcecode.swift; path = Feeds.swift; sourceTree = "<group>"; };
		6F5AC7CE2A5FEA10007FB90E /* RequestMethod.swift */ = {isa = PBXFileReference; fileEncoding = 4; lastKnownFileType = sourcecode.swift; path = RequestMethod.swift; sourceTree = "<group>"; };
		6F5AC7CF2A5FEA10007FB90E /* HTTPClient.swift */ = {isa = PBXFileReference; fileEncoding = 4; lastKnownFileType = sourcecode.swift; path = HTTPClient.swift; sourceTree = "<group>"; };
		6F5AC7D02A5FEA10007FB90E /* RequestError.swift */ = {isa = PBXFileReference; fileEncoding = 4; lastKnownFileType = sourcecode.swift; path = RequestError.swift; sourceTree = "<group>"; };
		6F5AC7D12A5FEA10007FB90E /* Endpoint.swift */ = {isa = PBXFileReference; fileEncoding = 4; lastKnownFileType = sourcecode.swift; path = Endpoint.swift; sourceTree = "<group>"; };
		6F5AC7D82A5FEB88007FB90E /* FeedEndpoint.swift */ = {isa = PBXFileReference; lastKnownFileType = sourcecode.swift; path = FeedEndpoint.swift; sourceTree = "<group>"; };
		6F5AC7DA2A5FEB90007FB90E /* FeedService.swift */ = {isa = PBXFileReference; lastKnownFileType = sourcecode.swift; path = FeedService.swift; sourceTree = "<group>"; };
		6F5AC7DC2A5FF8C3007FB90E /* FeedTableViewCell.swift */ = {isa = PBXFileReference; lastKnownFileType = sourcecode.swift; path = FeedTableViewCell.swift; sourceTree = "<group>"; };
		6F5AC7E22A6007DB007FB90E /* TopFeeds.swift */ = {isa = PBXFileReference; lastKnownFileType = sourcecode.swift; path = TopFeeds.swift; sourceTree = "<group>"; };
		6F5AC7E42A60233A007FB90E /* ShowAlertProtocol.swift */ = {isa = PBXFileReference; lastKnownFileType = sourcecode.swift; path = ShowAlertProtocol.swift; sourceTree = "<group>"; };
		6F5AC7E62A602511007FB90E /* ValidationProtocol.swift */ = {isa = PBXFileReference; lastKnownFileType = sourcecode.swift; path = ValidationProtocol.swift; sourceTree = "<group>"; };
		6F859BF22A612010001B973B /* iOSCaseStudyTests.xctest */ = {isa = PBXFileReference; explicitFileType = wrapper.cfbundle; includeInIndex = 0; path = iOSCaseStudyTests.xctest; sourceTree = BUILT_PRODUCTS_DIR; };
		6F859BFF2A612018001B973B /* iOSCaseStudyUITests.xctest */ = {isa = PBXFileReference; explicitFileType = wrapper.cfbundle; includeInIndex = 0; path = iOSCaseStudyUITests.xctest; sourceTree = BUILT_PRODUCTS_DIR; };
		6F859C262A61212D001B973B /* FeedServiceTest.swift */ = {isa = PBXFileReference; fileEncoding = 4; lastKnownFileType = sourcecode.swift; path = FeedServiceTest.swift; sourceTree = "<group>"; };
		6F859C272A61212D001B973B /* FeedViewModelTest.swift */ = {isa = PBXFileReference; fileEncoding = 4; lastKnownFileType = sourcecode.swift; path = FeedViewModelTest.swift; sourceTree = "<group>"; };
		6F859C282A61212D001B973B /* MockFeedServiceFailure.swift */ = {isa = PBXFileReference; fileEncoding = 4; lastKnownFileType = sourcecode.swift; path = MockFeedServiceFailure.swift; sourceTree = "<group>"; };
		6F859C292A61212D001B973B /* MockFeedServiceEmpty.swift */ = {isa = PBXFileReference; fileEncoding = 4; lastKnownFileType = sourcecode.swift; path = MockFeedServiceEmpty.swift; sourceTree = "<group>"; };
		6F859C2B2A61212D001B973B /* MostViewed.json */ = {isa = PBXFileReference; fileEncoding = 4; lastKnownFileType = text.json; path = MostViewed.json; sourceTree = "<group>"; };
		6F859C2C2A61212D001B973B /* MostShared.json */ = {isa = PBXFileReference; fileEncoding = 4; lastKnownFileType = text.json; path = MostShared.json; sourceTree = "<group>"; };
		6F859C2D2A61212D001B973B /* MostEmailed.json */ = {isa = PBXFileReference; fileEncoding = 4; lastKnownFileType = text.json; path = MostEmailed.json; sourceTree = "<group>"; };
		6F859C2E2A61212D001B973B /* FeedEndPointTest.swift */ = {isa = PBXFileReference; fileEncoding = 4; lastKnownFileType = sourcecode.swift; path = FeedEndPointTest.swift; sourceTree = "<group>"; };
		6F859C2F2A61212D001B973B /* DataLoader.swift */ = {isa = PBXFileReference; fileEncoding = 4; lastKnownFileType = sourcecode.swift; path = DataLoader.swift; sourceTree = "<group>"; };
		6F859C302A61212D001B973B /* MockFeedServiceSuccess.swift */ = {isa = PBXFileReference; fileEncoding = 4; lastKnownFileType = sourcecode.swift; path = MockFeedServiceSuccess.swift; sourceTree = "<group>"; };
		6F859C322A61212D001B973B /* SigupViewModelTest.swift */ = {isa = PBXFileReference; fileEncoding = 4; lastKnownFileType = sourcecode.swift; path = SigupViewModelTest.swift; sourceTree = "<group>"; };
		6F859C412A612153001B973B /* SignupUITests.swift */ = {isa = PBXFileReference; fileEncoding = 4; lastKnownFileType = sourcecode.swift; path = SignupUITests.swift; sourceTree = "<group>"; };
		93379A7D55FB9878AA569588 /* Pods-iOSCaseStudy.debug.xcconfig */ = {isa = PBXFileReference; includeInIndex = 1; lastKnownFileType = text.xcconfig; name = "Pods-iOSCaseStudy.debug.xcconfig"; path = "Target Support Files/Pods-iOSCaseStudy/Pods-iOSCaseStudy.debug.xcconfig"; sourceTree = "<group>"; };
		A8A40C0D95B5BEFDA8E91682 /* Pods-iOSCaseStudy.release.xcconfig */ = {isa = PBXFileReference; includeInIndex = 1; lastKnownFileType = text.xcconfig; name = "Pods-iOSCaseStudy.release.xcconfig"; path = "Target Support Files/Pods-iOSCaseStudy/Pods-iOSCaseStudy.release.xcconfig"; sourceTree = "<group>"; };
/* End PBXFileReference section */

/* Begin PBXFrameworksBuildPhase section */
		6F521CCE2A5FA19A0001BA90 /* Frameworks */ = {
			isa = PBXFrameworksBuildPhase;
			buildActionMask = 2147483647;
			files = (
				2DC82935E74183D351F3270D /* Pods_iOSCaseStudy.framework in Frameworks */,
			);
			runOnlyForDeploymentPostprocessing = 0;
		};
		6F859BEF2A612010001B973B /* Frameworks */ = {
			isa = PBXFrameworksBuildPhase;
			buildActionMask = 2147483647;
			files = (
			);
			runOnlyForDeploymentPostprocessing = 0;
		};
		6F859BFC2A612018001B973B /* Frameworks */ = {
			isa = PBXFrameworksBuildPhase;
			buildActionMask = 2147483647;
			files = (
			);
			runOnlyForDeploymentPostprocessing = 0;
		};
/* End PBXFrameworksBuildPhase section */

/* Begin PBXGroup section */
		6F4FDE1A2A5FBA5B002DC887 /* Helper */ = {
			isa = PBXGroup;
			children = (
				6F4FDE1D2A5FC077002DC887 /* Constants.swift */,
				6F4FDE1B2A5FBA8B002DC887 /* StringExtension.swift */,
				6F5AC7E42A60233A007FB90E /* ShowAlertProtocol.swift */,
				6F5AC7E62A602511007FB90E /* ValidationProtocol.swift */,
			);
			path = Helper;
			sourceTree = "<group>";
		};
		6F521CC82A5FA19A0001BA90 = {
			isa = PBXGroup;
			children = (
				6F521CD32A5FA19A0001BA90 /* iOSCaseStudy */,
				6F859C242A61212D001B973B /* iOSCaseStudyTests */,
				6F859C402A612153001B973B /* iOSCaseStudyUITests */,
				6F521CD22A5FA19A0001BA90 /* Products */,
				DB097A280931BF9294929176 /* Pods */,
				9CE87C14559263870E77BECB /* Frameworks */,
			);
			sourceTree = "<group>";
		};
		6F521CD22A5FA19A0001BA90 /* Products */ = {
			isa = PBXGroup;
			children = (
				6F521CD12A5FA19A0001BA90 /* iOSCaseStudy.app */,
				6F859BF22A612010001B973B /* iOSCaseStudyTests.xctest */,
				6F859BFF2A612018001B973B /* iOSCaseStudyUITests.xctest */,
			);
			name = Products;
			sourceTree = "<group>";
		};
		6F521CD32A5FA19A0001BA90 /* iOSCaseStudy */ = {
			isa = PBXGroup;
			children = (
				6F521D042A5FA8E80001BA90 /* AppDelegate */,
				6F521CD62A5FA19A0001BA90 /* SceneDelegate.swift */,
				6F521D072A5FAB980001BA90 /* SignUp */,
				6F5AC7C02A5FE64B007FB90E /* Feed */,
				6F5AC7CC2A5FE9E9007FB90E /* Network */,
				6F521CDA2A5FA19A0001BA90 /* Main.storyboard */,
				6F521CDD2A5FA19C0001BA90 /* Assets.xcassets */,
				6F521CDF2A5FA19C0001BA90 /* LaunchScreen.storyboard */,
				6F521CE22A5FA19C0001BA90 /* Info.plist */,
				6F4FDE1A2A5FBA5B002DC887 /* Helper */,
				6F4FDE132A5FB926002DC887 /* Localizable.strings */,
			);
			path = iOSCaseStudy;
			sourceTree = "<group>";
		};
		6F521D042A5FA8E80001BA90 /* AppDelegate */ = {
			isa = PBXGroup;
			children = (
				6F521D052A5FA8E80001BA90 /* AppDelegate.swift */,
			);
			path = AppDelegate;
			sourceTree = "<group>";
		};
		6F521D072A5FAB980001BA90 /* SignUp */ = {
			isa = PBXGroup;
			children = (
				6F521D122A5FADD90001BA90 /* View */,
				6F521D0E2A5FADD80001BA90 /* ViewModel */,
			);
			path = SignUp;
			sourceTree = "<group>";
		};
		6F521D0E2A5FADD80001BA90 /* ViewModel */ = {
			isa = PBXGroup;
			children = (
				6F521D0F2A5FADD80001BA90 /* SignupViewModel.swift */,
			);
			path = ViewModel;
			sourceTree = "<group>";
		};
		6F521D122A5FADD90001BA90 /* View */ = {
			isa = PBXGroup;
			children = (
				6F521D132A5FADD90001BA90 /* SignupViewController.swift */,
			);
			path = View;
			sourceTree = "<group>";
		};
		6F5AC7C02A5FE64B007FB90E /* Feed */ = {
			isa = PBXGroup;
			children = (
				6F5AC7D62A5FEB03007FB90E /* Service */,
				6F5AC7C32A5FE66F007FB90E /* View */,
				6F5AC7C22A5FE665007FB90E /* Model */,
				6F5AC7C12A5FE659007FB90E /* ViewModel */,
			);
			path = Feed;
			sourceTree = "<group>";
		};
		6F5AC7C12A5FE659007FB90E /* ViewModel */ = {
			isa = PBXGroup;
			children = (
				6F5AC7C62A5FE6DA007FB90E /* FeedViewModel.swift */,
			);
			path = ViewModel;
			sourceTree = "<group>";
		};
		6F5AC7C22A5FE665007FB90E /* Model */ = {
			isa = PBXGroup;
			children = (
				6F5AC7C82A5FE819007FB90E /* Feeds.swift */,
				6F5AC7E22A6007DB007FB90E /* TopFeeds.swift */,
			);
			path = Model;
			sourceTree = "<group>";
		};
		6F5AC7C32A5FE66F007FB90E /* View */ = {
			isa = PBXGroup;
			children = (
				6F5AC7C42A5FE6BD007FB90E /* FeedViewController.swift */,
				6F5AC7DC2A5FF8C3007FB90E /* FeedTableViewCell.swift */,
			);
			path = View;
			sourceTree = "<group>";
		};
		6F5AC7CC2A5FE9E9007FB90E /* Network */ = {
			isa = PBXGroup;
			children = (
				6F5AC7CD2A5FEA10007FB90E /* Base */,
			);
			path = Network;
			sourceTree = "<group>";
		};
		6F5AC7CD2A5FEA10007FB90E /* Base */ = {
			isa = PBXGroup;
			children = (
				6F5AC7CE2A5FEA10007FB90E /* RequestMethod.swift */,
				6F5AC7CF2A5FEA10007FB90E /* HTTPClient.swift */,
				6F5AC7D02A5FEA10007FB90E /* RequestError.swift */,
				6F5AC7D12A5FEA10007FB90E /* Endpoint.swift */,
			);
			path = Base;
			sourceTree = "<group>";
		};
		6F5AC7D62A5FEB03007FB90E /* Service */ = {
			isa = PBXGroup;
			children = (
				6F5AC7D82A5FEB88007FB90E /* FeedEndpoint.swift */,
				6F5AC7DA2A5FEB90007FB90E /* FeedService.swift */,
			);
			path = Service;
			sourceTree = "<group>";
		};
		6F859C242A61212D001B973B /* iOSCaseStudyTests */ = {
			isa = PBXGroup;
			children = (
				6F859C252A61212D001B973B /* FeedTests */,
				6F859C312A61212D001B973B /* SignupTests */,
			);
			path = iOSCaseStudyTests;
			sourceTree = SOURCE_ROOT;
		};
		6F859C252A61212D001B973B /* FeedTests */ = {
			isa = PBXGroup;
			children = (
				6F859C2A2A61212D001B973B /* Json */,
				6F859C2E2A61212D001B973B /* FeedEndPointTest.swift */,
				6F859C262A61212D001B973B /* FeedServiceTest.swift */,
				6F859C272A61212D001B973B /* FeedViewModelTest.swift */,
				6F859C282A61212D001B973B /* MockFeedServiceFailure.swift */,
				6F859C292A61212D001B973B /* MockFeedServiceEmpty.swift */,
				6F859C302A61212D001B973B /* MockFeedServiceSuccess.swift */,
				6F859C2F2A61212D001B973B /* DataLoader.swift */,
			);
			path = FeedTests;
			sourceTree = "<group>";
		};
		6F859C2A2A61212D001B973B /* Json */ = {
			isa = PBXGroup;
			children = (
				6F859C2B2A61212D001B973B /* MostViewed.json */,
				6F859C2C2A61212D001B973B /* MostShared.json */,
				6F859C2D2A61212D001B973B /* MostEmailed.json */,
			);
			path = Json;
			sourceTree = "<group>";
		};
		6F859C312A61212D001B973B /* SignupTests */ = {
			isa = PBXGroup;
			children = (
				6F859C322A61212D001B973B /* SigupViewModelTest.swift */,
			);
			path = SignupTests;
			sourceTree = "<group>";
		};
		6F859C402A612153001B973B /* iOSCaseStudyUITests */ = {
			isa = PBXGroup;
			children = (
				6F859C412A612153001B973B /* SignupUITests.swift */,
			);
			path = iOSCaseStudyUITests;
			sourceTree = "<group>";
		};
		9CE87C14559263870E77BECB /* Frameworks */ = {
			isa = PBXGroup;
			children = (
				6A5EA96CFF31710E1D5CFF75 /* Pods_iOSCaseStudy.framework */,
			);
			name = Frameworks;
			sourceTree = "<group>";
		};
		DB097A280931BF9294929176 /* Pods */ = {
			isa = PBXGroup;
			children = (
				93379A7D55FB9878AA569588 /* Pods-iOSCaseStudy.debug.xcconfig */,
				A8A40C0D95B5BEFDA8E91682 /* Pods-iOSCaseStudy.release.xcconfig */,
			);
			path = Pods;
			sourceTree = "<group>";
		};
/* End PBXGroup section */

/* Begin PBXNativeTarget section */
		6F521CD02A5FA19A0001BA90 /* iOSCaseStudy */ = {
			isa = PBXNativeTarget;
			buildConfigurationList = 6F521CFB2A5FA19C0001BA90 /* Build configuration list for PBXNativeTarget "iOSCaseStudy" */;
			buildPhases = (
				2032AF408E18D33560D0475D /* [CP] Check Pods Manifest.lock */,
				6F521CCD2A5FA19A0001BA90 /* Sources */,
				6F521CCE2A5FA19A0001BA90 /* Frameworks */,
				6F521CCF2A5FA19A0001BA90 /* Resources */,
				137951B4D812D17F4EFC0B31 /* [CP] Embed Pods Frameworks */,
				6F23447B2A61088400F2BFF3 /* SwiftLint Run Script */,
			);
			buildRules = (
			);
			dependencies = (
			);
			name = iOSCaseStudy;
			productName = iOSCaseStudy;
			productReference = 6F521CD12A5FA19A0001BA90 /* iOSCaseStudy.app */;
			productType = "com.apple.product-type.application";
		};
		6F859BF12A612010001B973B /* iOSCaseStudyTests */ = {
			isa = PBXNativeTarget;
			buildConfigurationList = 6F859BF82A612011001B973B /* Build configuration list for PBXNativeTarget "iOSCaseStudyTests" */;
			buildPhases = (
				6F859BEE2A612010001B973B /* Sources */,
				6F859BEF2A612010001B973B /* Frameworks */,
				6F859BF02A612010001B973B /* Resources */,
			);
			buildRules = (
			);
			dependencies = (
				6F859BF72A612011001B973B /* PBXTargetDependency */,
			);
			name = iOSCaseStudyTests;
			productName = iOSCaseStudyTests;
			productReference = 6F859BF22A612010001B973B /* iOSCaseStudyTests.xctest */;
			productType = "com.apple.product-type.bundle.unit-test";
		};
		6F859BFE2A612018001B973B /* iOSCaseStudyUITests */ = {
			isa = PBXNativeTarget;
			buildConfigurationList = 6F859C072A612018001B973B /* Build configuration list for PBXNativeTarget "iOSCaseStudyUITests" */;
			buildPhases = (
				6F859BFB2A612018001B973B /* Sources */,
				6F859BFC2A612018001B973B /* Frameworks */,
				6F859BFD2A612018001B973B /* Resources */,
			);
			buildRules = (
			);
			dependencies = (
				6F859C062A612018001B973B /* PBXTargetDependency */,
			);
			name = iOSCaseStudyUITests;
			productName = iOSCaseStudyUITests;
			productReference = 6F859BFF2A612018001B973B /* iOSCaseStudyUITests.xctest */;
			productType = "com.apple.product-type.bundle.ui-testing";
		};
/* End PBXNativeTarget section */

/* Begin PBXProject section */
		6F521CC92A5FA19A0001BA90 /* Project object */ = {
			isa = PBXProject;
			attributes = {
				BuildIndependentTargetsInParallel = 1;
				LastSwiftUpdateCheck = 1430;
				LastUpgradeCheck = 1430;
				TargetAttributes = {
					6F521CD02A5FA19A0001BA90 = {
						CreatedOnToolsVersion = 14.3.1;
					};
					6F859BF12A612010001B973B = {
						CreatedOnToolsVersion = 14.3.1;
						TestTargetID = 6F521CD02A5FA19A0001BA90;
					};
					6F859BFE2A612018001B973B = {
						CreatedOnToolsVersion = 14.3.1;
						TestTargetID = 6F521CD02A5FA19A0001BA90;
					};
				};
			};
			buildConfigurationList = 6F521CCC2A5FA19A0001BA90 /* Build configuration list for PBXProject "iOSCaseStudy" */;
			compatibilityVersion = "Xcode 14.0";
			developmentRegion = en;
			hasScannedForEncodings = 0;
			knownRegions = (
				en,
				Base,
				hi,
			);
			mainGroup = 6F521CC82A5FA19A0001BA90;
			productRefGroup = 6F521CD22A5FA19A0001BA90 /* Products */;
			projectDirPath = "";
			projectRoot = "";
			targets = (
				6F521CD02A5FA19A0001BA90 /* iOSCaseStudy */,
				6F859BF12A612010001B973B /* iOSCaseStudyTests */,
				6F859BFE2A612018001B973B /* iOSCaseStudyUITests */,
			);
		};
/* End PBXProject section */

/* Begin PBXResourcesBuildPhase section */
		6F521CCF2A5FA19A0001BA90 /* Resources */ = {
			isa = PBXResourcesBuildPhase;
			buildActionMask = 2147483647;
			files = (
				6F521CE12A5FA19C0001BA90 /* LaunchScreen.storyboard in Resources */,
				6F4FDE112A5FB926002DC887 /* Localizable.strings in Resources */,
				6F521CDE2A5FA19C0001BA90 /* Assets.xcassets in Resources */,
				6F521CDC2A5FA19A0001BA90 /* Main.storyboard in Resources */,
			);
			runOnlyForDeploymentPostprocessing = 0;
		};
		6F859BF02A612010001B973B /* Resources */ = {
			isa = PBXResourcesBuildPhase;
			buildActionMask = 2147483647;
			files = (
				6F859C382A61212D001B973B /* MostViewed.json in Resources */,
				6F859C3A2A61212D001B973B /* MostEmailed.json in Resources */,
				6F859C392A61212D001B973B /* MostShared.json in Resources */,
			);
			runOnlyForDeploymentPostprocessing = 0;
		};
		6F859BFD2A612018001B973B /* Resources */ = {
			isa = PBXResourcesBuildPhase;
			buildActionMask = 2147483647;
			files = (
			);
			runOnlyForDeploymentPostprocessing = 0;
		};
/* End PBXResourcesBuildPhase section */

/* Begin PBXShellScriptBuildPhase section */
		137951B4D812D17F4EFC0B31 /* [CP] Embed Pods Frameworks */ = {
			isa = PBXShellScriptBuildPhase;
			buildActionMask = 2147483647;
			files = (
			);
			inputFileListPaths = (
				"${PODS_ROOT}/Target Support Files/Pods-iOSCaseStudy/Pods-iOSCaseStudy-frameworks-${CONFIGURATION}-input-files.xcfilelist",
			);
			name = "[CP] Embed Pods Frameworks";
			outputFileListPaths = (
				"${PODS_ROOT}/Target Support Files/Pods-iOSCaseStudy/Pods-iOSCaseStudy-frameworks-${CONFIGURATION}-output-files.xcfilelist",
			);
			runOnlyForDeploymentPostprocessing = 0;
			shellPath = /bin/sh;
			shellScript = "\"${PODS_ROOT}/Target Support Files/Pods-iOSCaseStudy/Pods-iOSCaseStudy-frameworks.sh\"\n";
			showEnvVarsInLog = 0;
		};
		2032AF408E18D33560D0475D /* [CP] Check Pods Manifest.lock */ = {
			isa = PBXShellScriptBuildPhase;
			buildActionMask = 2147483647;
			files = (
			);
			inputFileListPaths = (
			);
			inputPaths = (
				"${PODS_PODFILE_DIR_PATH}/Podfile.lock",
				"${PODS_ROOT}/Manifest.lock",
			);
			name = "[CP] Check Pods Manifest.lock";
			outputFileListPaths = (
			);
			outputPaths = (
				"$(DERIVED_FILE_DIR)/Pods-iOSCaseStudy-checkManifestLockResult.txt",
			);
			runOnlyForDeploymentPostprocessing = 0;
			shellPath = /bin/sh;
			shellScript = "diff \"${PODS_PODFILE_DIR_PATH}/Podfile.lock\" \"${PODS_ROOT}/Manifest.lock\" > /dev/null\nif [ $? != 0 ] ; then\n    # print error to STDERR\n    echo \"error: The sandbox is not in sync with the Podfile.lock. Run 'pod install' or update your CocoaPods installation.\" >&2\n    exit 1\nfi\n# This output is used by Xcode 'outputs' to avoid re-running this script phase.\necho \"SUCCESS\" > \"${SCRIPT_OUTPUT_FILE_0}\"\n";
			showEnvVarsInLog = 0;
		};
		6F23447B2A61088400F2BFF3 /* SwiftLint Run Script */ = {
			isa = PBXShellScriptBuildPhase;
			alwaysOutOfDate = 1;
			buildActionMask = 2147483647;
			files = (
			);
			inputFileListPaths = (
			);
			inputPaths = (
			);
			name = "SwiftLint Run Script";
			outputFileListPaths = (
			);
			outputPaths = (
			);
			runOnlyForDeploymentPostprocessing = 0;
			shellPath = /bin/sh;
			shellScript = "alias swiftlint=\"/opt/homebrew/bin/swiftLint\"\n\nif swiftlint >/dev/null; then\n  swiftlint\nelse\n  echo \"SwiftLint not installed, download from https://github.com/realm/SwiftLint\"\nfi\n";
		};
/* End PBXShellScriptBuildPhase section */

/* Begin PBXSourcesBuildPhase section */
		6F521CCD2A5FA19A0001BA90 /* Sources */ = {
			isa = PBXSourcesBuildPhase;
			buildActionMask = 2147483647;
			files = (
				6F5AC7D52A5FEA10007FB90E /* Endpoint.swift in Sources */,
				6F5AC7DB2A5FEB90007FB90E /* FeedService.swift in Sources */,
				6F5AC7E52A60233A007FB90E /* ShowAlertProtocol.swift in Sources */,
				6F521D162A5FADD90001BA90 /* SignupViewController.swift in Sources */,
				6F5AC7DD2A5FF8C3007FB90E /* FeedTableViewCell.swift in Sources */,
				6F5AC7C92A5FE819007FB90E /* Feeds.swift in Sources */,
				6F5AC7D32A5FEA10007FB90E /* HTTPClient.swift in Sources */,
				6F4FDE1C2A5FBA8B002DC887 /* StringExtension.swift in Sources */,
				6F5AC7D22A5FEA10007FB90E /* RequestMethod.swift in Sources */,
				6F5AC7E32A6007DB007FB90E /* TopFeeds.swift in Sources */,
				6F521D062A5FA8E80001BA90 /* AppDelegate.swift in Sources */,
				6F521D142A5FADD90001BA90 /* SignupViewModel.swift in Sources */,
				6F521CD72A5FA19A0001BA90 /* SceneDelegate.swift in Sources */,
				6F5AC7D42A5FEA10007FB90E /* RequestError.swift in Sources */,
				6F4FDE1E2A5FC077002DC887 /* Constants.swift in Sources */,
				6F5AC7E72A602511007FB90E /* ValidationProtocol.swift in Sources */,
				6F5AC7D92A5FEB88007FB90E /* FeedEndpoint.swift in Sources */,
				6F5AC7C72A5FE6DA007FB90E /* FeedViewModel.swift in Sources */,
				6F5AC7C52A5FE6BD007FB90E /* FeedViewController.swift in Sources */,
			);
			runOnlyForDeploymentPostprocessing = 0;
		};
		6F859BEE2A612010001B973B /* Sources */ = {
			isa = PBXSourcesBuildPhase;
			buildActionMask = 2147483647;
			files = (
				6F859C362A61212D001B973B /* MockFeedServiceFailure.swift in Sources */,
				6F859C352A61212D001B973B /* FeedViewModelTest.swift in Sources */,
				6F859C3C2A61212D001B973B /* DataLoader.swift in Sources */,
				6F859C3D2A61212D001B973B /* MockFeedServiceSuccess.swift in Sources */,
				6F859C342A61212D001B973B /* FeedServiceTest.swift in Sources */,
				6F859C3B2A61212D001B973B /* FeedEndPointTest.swift in Sources */,
				6F859C372A61212D001B973B /* MockFeedServiceEmpty.swift in Sources */,
				6F859C3E2A61212D001B973B /* SigupViewModelTest.swift in Sources */,
			);
			runOnlyForDeploymentPostprocessing = 0;
		};
		6F859BFB2A612018001B973B /* Sources */ = {
			isa = PBXSourcesBuildPhase;
			buildActionMask = 2147483647;
			files = (
				6F859C422A612153001B973B /* SignupUITests.swift in Sources */,
			);
			runOnlyForDeploymentPostprocessing = 0;
		};
/* End PBXSourcesBuildPhase section */

/* Begin PBXTargetDependency section */
		6F859BF72A612011001B973B /* PBXTargetDependency */ = {
			isa = PBXTargetDependency;
			target = 6F521CD02A5FA19A0001BA90 /* iOSCaseStudy */;
			targetProxy = 6F859BF62A612011001B973B /* PBXContainerItemProxy */;
		};
		6F859C062A612018001B973B /* PBXTargetDependency */ = {
			isa = PBXTargetDependency;
			target = 6F521CD02A5FA19A0001BA90 /* iOSCaseStudy */;
			targetProxy = 6F859C052A612018001B973B /* PBXContainerItemProxy */;
		};
/* End PBXTargetDependency section */

/* Begin PBXVariantGroup section */
		6F4FDE132A5FB926002DC887 /* Localizable.strings */ = {
			isa = PBXVariantGroup;
			children = (
				6F4FDE122A5FB926002DC887 /* en */,
				6F4FDE192A5FB968002DC887 /* hi */,
			);
			name = Localizable.strings;
			sourceTree = "<group>";
		};
		6F521CDA2A5FA19A0001BA90 /* Main.storyboard */ = {
			isa = PBXVariantGroup;
			children = (
				6F521CDB2A5FA19A0001BA90 /* Base */,
				6F4FDE0C2A5FB903002DC887 /* hi */,
			);
			name = Main.storyboard;
			sourceTree = "<group>";
		};
		6F521CDF2A5FA19C0001BA90 /* LaunchScreen.storyboard */ = {
			isa = PBXVariantGroup;
			children = (
				6F521CE02A5FA19C0001BA90 /* Base */,
				6F4FDE0D2A5FB903002DC887 /* hi */,
			);
			name = LaunchScreen.storyboard;
			sourceTree = "<group>";
		};
/* End PBXVariantGroup section */

/* Begin XCBuildConfiguration section */
		6F521CF92A5FA19C0001BA90 /* Debug */ = {
			isa = XCBuildConfiguration;
			buildSettings = {
				ALWAYS_SEARCH_USER_PATHS = NO;
				CLANG_ANALYZER_LOCALIZABILITY_NONLOCALIZED = YES;
				CLANG_ANALYZER_NONNULL = YES;
				CLANG_ANALYZER_NUMBER_OBJECT_CONVERSION = YES_AGGRESSIVE;
				CLANG_CXX_LANGUAGE_STANDARD = "gnu++20";
				CLANG_ENABLE_MODULES = YES;
				CLANG_ENABLE_OBJC_ARC = YES;
				CLANG_ENABLE_OBJC_WEAK = YES;
				CLANG_WARN_BLOCK_CAPTURE_AUTORELEASING = YES;
				CLANG_WARN_BOOL_CONVERSION = YES;
				CLANG_WARN_COMMA = YES;
				CLANG_WARN_CONSTANT_CONVERSION = YES;
				CLANG_WARN_DEPRECATED_OBJC_IMPLEMENTATIONS = YES;
				CLANG_WARN_DIRECT_OBJC_ISA_USAGE = YES_ERROR;
				CLANG_WARN_DOCUMENTATION_COMMENTS = YES;
				CLANG_WARN_EMPTY_BODY = YES;
				CLANG_WARN_ENUM_CONVERSION = YES;
				CLANG_WARN_INFINITE_RECURSION = YES;
				CLANG_WARN_INT_CONVERSION = YES;
				CLANG_WARN_NON_LITERAL_NULL_CONVERSION = YES;
				CLANG_WARN_OBJC_IMPLICIT_RETAIN_SELF = YES;
				CLANG_WARN_OBJC_LITERAL_CONVERSION = YES;
				CLANG_WARN_OBJC_ROOT_CLASS = YES_ERROR;
				CLANG_WARN_QUOTED_INCLUDE_IN_FRAMEWORK_HEADER = YES;
				CLANG_WARN_RANGE_LOOP_ANALYSIS = YES;
				CLANG_WARN_STRICT_PROTOTYPES = YES;
				CLANG_WARN_SUSPICIOUS_MOVE = YES;
				CLANG_WARN_UNGUARDED_AVAILABILITY = YES_AGGRESSIVE;
				CLANG_WARN_UNREACHABLE_CODE = YES;
				CLANG_WARN__DUPLICATE_METHOD_MATCH = YES;
				COPY_PHASE_STRIP = NO;
				DEBUG_INFORMATION_FORMAT = dwarf;
				ENABLE_STRICT_OBJC_MSGSEND = YES;
				ENABLE_TESTABILITY = YES;
				GCC_C_LANGUAGE_STANDARD = gnu11;
				GCC_DYNAMIC_NO_PIC = NO;
				GCC_NO_COMMON_BLOCKS = YES;
				GCC_OPTIMIZATION_LEVEL = 0;
				GCC_PREPROCESSOR_DEFINITIONS = (
					"DEBUG=1",
					"$(inherited)",
				);
				GCC_WARN_64_TO_32_BIT_CONVERSION = YES;
				GCC_WARN_ABOUT_RETURN_TYPE = YES_ERROR;
				GCC_WARN_UNDECLARED_SELECTOR = YES;
				GCC_WARN_UNINITIALIZED_AUTOS = YES_AGGRESSIVE;
				GCC_WARN_UNUSED_FUNCTION = YES;
				GCC_WARN_UNUSED_VARIABLE = YES;
				IPHONEOS_DEPLOYMENT_TARGET = 16.4;
				MTL_ENABLE_DEBUG_INFO = INCLUDE_SOURCE;
				MTL_FAST_MATH = YES;
				ONLY_ACTIVE_ARCH = YES;
				SDKROOT = iphoneos;
				SWIFT_ACTIVE_COMPILATION_CONDITIONS = DEBUG;
				SWIFT_OPTIMIZATION_LEVEL = "-Onone";
			};
			name = Debug;
		};
		6F521CFA2A5FA19C0001BA90 /* Release */ = {
			isa = XCBuildConfiguration;
			buildSettings = {
				ALWAYS_SEARCH_USER_PATHS = NO;
				CLANG_ANALYZER_LOCALIZABILITY_NONLOCALIZED = YES;
				CLANG_ANALYZER_NONNULL = YES;
				CLANG_ANALYZER_NUMBER_OBJECT_CONVERSION = YES_AGGRESSIVE;
				CLANG_CXX_LANGUAGE_STANDARD = "gnu++20";
				CLANG_ENABLE_MODULES = YES;
				CLANG_ENABLE_OBJC_ARC = YES;
				CLANG_ENABLE_OBJC_WEAK = YES;
				CLANG_WARN_BLOCK_CAPTURE_AUTORELEASING = YES;
				CLANG_WARN_BOOL_CONVERSION = YES;
				CLANG_WARN_COMMA = YES;
				CLANG_WARN_CONSTANT_CONVERSION = YES;
				CLANG_WARN_DEPRECATED_OBJC_IMPLEMENTATIONS = YES;
				CLANG_WARN_DIRECT_OBJC_ISA_USAGE = YES_ERROR;
				CLANG_WARN_DOCUMENTATION_COMMENTS = YES;
				CLANG_WARN_EMPTY_BODY = YES;
				CLANG_WARN_ENUM_CONVERSION = YES;
				CLANG_WARN_INFINITE_RECURSION = YES;
				CLANG_WARN_INT_CONVERSION = YES;
				CLANG_WARN_NON_LITERAL_NULL_CONVERSION = YES;
				CLANG_WARN_OBJC_IMPLICIT_RETAIN_SELF = YES;
				CLANG_WARN_OBJC_LITERAL_CONVERSION = YES;
				CLANG_WARN_OBJC_ROOT_CLASS = YES_ERROR;
				CLANG_WARN_QUOTED_INCLUDE_IN_FRAMEWORK_HEADER = YES;
				CLANG_WARN_RANGE_LOOP_ANALYSIS = YES;
				CLANG_WARN_STRICT_PROTOTYPES = YES;
				CLANG_WARN_SUSPICIOUS_MOVE = YES;
				CLANG_WARN_UNGUARDED_AVAILABILITY = YES_AGGRESSIVE;
				CLANG_WARN_UNREACHABLE_CODE = YES;
				CLANG_WARN__DUPLICATE_METHOD_MATCH = YES;
				COPY_PHASE_STRIP = NO;
				DEBUG_INFORMATION_FORMAT = "dwarf-with-dsym";
				ENABLE_NS_ASSERTIONS = NO;
				ENABLE_STRICT_OBJC_MSGSEND = YES;
				GCC_C_LANGUAGE_STANDARD = gnu11;
				GCC_NO_COMMON_BLOCKS = YES;
				GCC_WARN_64_TO_32_BIT_CONVERSION = YES;
				GCC_WARN_ABOUT_RETURN_TYPE = YES_ERROR;
				GCC_WARN_UNDECLARED_SELECTOR = YES;
				GCC_WARN_UNINITIALIZED_AUTOS = YES_AGGRESSIVE;
				GCC_WARN_UNUSED_FUNCTION = YES;
				GCC_WARN_UNUSED_VARIABLE = YES;
				IPHONEOS_DEPLOYMENT_TARGET = 16.4;
				MTL_ENABLE_DEBUG_INFO = NO;
				MTL_FAST_MATH = YES;
				SDKROOT = iphoneos;
				SWIFT_COMPILATION_MODE = wholemodule;
				SWIFT_OPTIMIZATION_LEVEL = "-O";
				VALIDATE_PRODUCT = YES;
			};
			name = Release;
		};
		6F521CFC2A5FA19C0001BA90 /* Debug */ = {
			isa = XCBuildConfiguration;
			baseConfigurationReference = 93379A7D55FB9878AA569588 /* Pods-iOSCaseStudy.debug.xcconfig */;
			buildSettings = {
				ASSETCATALOG_COMPILER_APPICON_NAME = AppIcon;
				ASSETCATALOG_COMPILER_GLOBAL_ACCENT_COLOR_NAME = AccentColor;
				CODE_SIGN_STYLE = Automatic;
				CURRENT_PROJECT_VERSION = 1;
				DEVELOPMENT_TEAM = WS3R562TP4;
				GENERATE_INFOPLIST_FILE = YES;
				INFOPLIST_FILE = iOSCaseStudy/Info.plist;
				INFOPLIST_KEY_UIApplicationSupportsIndirectInputEvents = YES;
				INFOPLIST_KEY_UILaunchStoryboardName = LaunchScreen;
				INFOPLIST_KEY_UIMainStoryboardFile = Main;
				INFOPLIST_KEY_UISupportedInterfaceOrientations_iPad = "UIInterfaceOrientationPortrait UIInterfaceOrientationPortraitUpsideDown UIInterfaceOrientationLandscapeLeft UIInterfaceOrientationLandscapeRight";
				INFOPLIST_KEY_UISupportedInterfaceOrientations_iPhone = "UIInterfaceOrientationPortrait UIInterfaceOrientationLandscapeLeft UIInterfaceOrientationLandscapeRight";
				IPHONEOS_DEPLOYMENT_TARGET = 15.0;
				LD_RUNPATH_SEARCH_PATHS = (
					"$(inherited)",
					"@executable_path/Frameworks",
				);
				MARKETING_VERSION = 1.0;
				PRODUCT_BUNDLE_IDENTIFIER = ioscasestudy.iOSCaseStudy;
				PRODUCT_NAME = "$(TARGET_NAME)";
				SWIFT_EMIT_LOC_STRINGS = YES;
				SWIFT_VERSION = 5.0;
				TARGETED_DEVICE_FAMILY = "1,2";
			};
			name = Debug;
		};
		6F521CFD2A5FA19C0001BA90 /* Release */ = {
			isa = XCBuildConfiguration;
			baseConfigurationReference = A8A40C0D95B5BEFDA8E91682 /* Pods-iOSCaseStudy.release.xcconfig */;
			buildSettings = {
				ASSETCATALOG_COMPILER_APPICON_NAME = AppIcon;
				ASSETCATALOG_COMPILER_GLOBAL_ACCENT_COLOR_NAME = AccentColor;
				CODE_SIGN_STYLE = Automatic;
				CURRENT_PROJECT_VERSION = 1;
				DEVELOPMENT_TEAM = WS3R562TP4;
				GENERATE_INFOPLIST_FILE = YES;
				INFOPLIST_FILE = iOSCaseStudy/Info.plist;
				INFOPLIST_KEY_UIApplicationSupportsIndirectInputEvents = YES;
				INFOPLIST_KEY_UILaunchStoryboardName = LaunchScreen;
				INFOPLIST_KEY_UIMainStoryboardFile = Main;
				INFOPLIST_KEY_UISupportedInterfaceOrientations_iPad = "UIInterfaceOrientationPortrait UIInterfaceOrientationPortraitUpsideDown UIInterfaceOrientationLandscapeLeft UIInterfaceOrientationLandscapeRight";
				INFOPLIST_KEY_UISupportedInterfaceOrientations_iPhone = "UIInterfaceOrientationPortrait UIInterfaceOrientationLandscapeLeft UIInterfaceOrientationLandscapeRight";
				IPHONEOS_DEPLOYMENT_TARGET = 15.0;
				LD_RUNPATH_SEARCH_PATHS = (
					"$(inherited)",
					"@executable_path/Frameworks",
				);
				MARKETING_VERSION = 1.0;
				PRODUCT_BUNDLE_IDENTIFIER = ioscasestudy.iOSCaseStudy;
				PRODUCT_NAME = "$(TARGET_NAME)";
				SWIFT_EMIT_LOC_STRINGS = YES;
				SWIFT_VERSION = 5.0;
				TARGETED_DEVICE_FAMILY = "1,2";
			};
			name = Release;
		};
		6F859BF92A612011001B973B /* Debug */ = {
			isa = XCBuildConfiguration;
			buildSettings = {
				BUNDLE_LOADER = "$(TEST_HOST)";
				CODE_SIGN_STYLE = Automatic;
				CURRENT_PROJECT_VERSION = 1;
				GENERATE_INFOPLIST_FILE = YES;
				MARKETING_VERSION = 1.0;
				PRODUCT_BUNDLE_IDENTIFIER = ioscasestudy.iOSCaseStudyTests;
				PRODUCT_NAME = "$(TARGET_NAME)";
				SWIFT_EMIT_LOC_STRINGS = NO;
				SWIFT_VERSION = 5.0;
				TARGETED_DEVICE_FAMILY = "1,2";
				TEST_HOST = "$(BUILT_PRODUCTS_DIR)/iOSCaseStudy.app/$(BUNDLE_EXECUTABLE_FOLDER_PATH)/iOSCaseStudy";
			};
			name = Debug;
		};
		6F859BFA2A612011001B973B /* Release */ = {
			isa = XCBuildConfiguration;
			buildSettings = {
				BUNDLE_LOADER = "$(TEST_HOST)";
				CODE_SIGN_STYLE = Automatic;
				CURRENT_PROJECT_VERSION = 1;
				GENERATE_INFOPLIST_FILE = YES;
				MARKETING_VERSION = 1.0;
				PRODUCT_BUNDLE_IDENTIFIER = ioscasestudy.iOSCaseStudyTests;
				PRODUCT_NAME = "$(TARGET_NAME)";
				SWIFT_EMIT_LOC_STRINGS = NO;
				SWIFT_VERSION = 5.0;
				TARGETED_DEVICE_FAMILY = "1,2";
				TEST_HOST = "$(BUILT_PRODUCTS_DIR)/iOSCaseStudy.app/$(BUNDLE_EXECUTABLE_FOLDER_PATH)/iOSCaseStudy";
			};
			name = Release;
		};
		6F859C082A612018001B973B /* Debug */ = {
			isa = XCBuildConfiguration;
			buildSettings = {
				CODE_SIGN_STYLE = Automatic;
				CURRENT_PROJECT_VERSION = 1;
				GENERATE_INFOPLIST_FILE = YES;
				MARKETING_VERSION = 1.0;
				PRODUCT_BUNDLE_IDENTIFIER = ioscasestudy.iOSCaseStudyUITests;
				PRODUCT_NAME = "$(TARGET_NAME)";
				SWIFT_EMIT_LOC_STRINGS = NO;
				SWIFT_VERSION = 5.0;
				TARGETED_DEVICE_FAMILY = "1,2";
				TEST_TARGET_NAME = iOSCaseStudy;
			};
			name = Debug;
		};
		6F859C092A612018001B973B /* Release */ = {
			isa = XCBuildConfiguration;
			buildSettings = {
				CODE_SIGN_STYLE = Automatic;
				CURRENT_PROJECT_VERSION = 1;
				GENERATE_INFOPLIST_FILE = YES;
				MARKETING_VERSION = 1.0;
				PRODUCT_BUNDLE_IDENTIFIER = ioscasestudy.iOSCaseStudyUITests;
				PRODUCT_NAME = "$(TARGET_NAME)";
				SWIFT_EMIT_LOC_STRINGS = NO;
				SWIFT_VERSION = 5.0;
				TARGETED_DEVICE_FAMILY = "1,2";
				TEST_TARGET_NAME = iOSCaseStudy;
			};
			name = Release;
		};
/* End XCBuildConfiguration section */

/* Begin XCConfigurationList section */
		6F521CCC2A5FA19A0001BA90 /* Build configuration list for PBXProject "iOSCaseStudy" */ = {
			isa = XCConfigurationList;
			buildConfigurations = (
				6F521CF92A5FA19C0001BA90 /* Debug */,
				6F521CFA2A5FA19C0001BA90 /* Release */,
			);
			defaultConfigurationIsVisible = 0;
			defaultConfigurationName = Release;
		};
		6F521CFB2A5FA19C0001BA90 /* Build configuration list for PBXNativeTarget "iOSCaseStudy" */ = {
			isa = XCConfigurationList;
			buildConfigurations = (
				6F521CFC2A5FA19C0001BA90 /* Debug */,
				6F521CFD2A5FA19C0001BA90 /* Release */,
			);
			defaultConfigurationIsVisible = 0;
			defaultConfigurationName = Release;
		};
		6F859BF82A612011001B973B /* Build configuration list for PBXNativeTarget "iOSCaseStudyTests" */ = {
			isa = XCConfigurationList;
			buildConfigurations = (
				6F859BF92A612011001B973B /* Debug */,
				6F859BFA2A612011001B973B /* Release */,
			);
			defaultConfigurationIsVisible = 0;
			defaultConfigurationName = Release;
		};
		6F859C072A612018001B973B /* Build configuration list for PBXNativeTarget "iOSCaseStudyUITests" */ = {
			isa = XCConfigurationList;
			buildConfigurations = (
				6F859C082A612018001B973B /* Debug */,
				6F859C092A612018001B973B /* Release */,
			);
			defaultConfigurationIsVisible = 0;
			defaultConfigurationName = Release;
		};
/* End XCConfigurationList section */
	};
	rootObject = 6F521CC92A5FA19A0001BA90 /* Project object */;
}
