// !$*UTF8*$!
{
	archiveVersion = 1;
	classes = {
	};
	objectVersion = 56;
	objects = {

/* Begin PBXBuildFile section */
		6F521CD72A5FA19A0001BA90 /* SceneDelegate.swift in Sources */ = {isa = PBXBuildFile; fileRef = 6F521CD62A5FA19A0001BA90 /* SceneDelegate.swift */; };
		6F521CD92A5FA19A0001BA90 /* ViewController.swift in Sources */ = {isa = PBXBuildFile; fileRef = 6F521CD82A5FA19A0001BA90 /* ViewController.swift */; };
		6F521CDC2A5FA19A0001BA90 /* Main.storyboard in Resources */ = {isa = PBXBuildFile; fileRef = 6F521CDA2A5FA19A0001BA90 /* Main.storyboard */; };
		6F521CDE2A5FA19C0001BA90 /* Assets.xcassets in Resources */ = {isa = PBXBuildFile; fileRef = 6F521CDD2A5FA19C0001BA90 /* Assets.xcassets */; };
		6F521CE12A5FA19C0001BA90 /* LaunchScreen.storyboard in Resources */ = {isa = PBXBuildFile; fileRef = 6F521CDF2A5FA19C0001BA90 /* LaunchScreen.storyboard */; };
		6F521CEC2A5FA19C0001BA90 /* iOSCaseStudyTests.swift in Sources */ = {isa = PBXBuildFile; fileRef = 6F521CEB2A5FA19C0001BA90 /* iOSCaseStudyTests.swift */; };
		6F521CF62A5FA19C0001BA90 /* iOSCaseStudyUITests.swift in Sources */ = {isa = PBXBuildFile; fileRef = 6F521CF52A5FA19C0001BA90 /* iOSCaseStudyUITests.swift */; };
		6F521CF82A5FA19C0001BA90 /* iOSCaseStudyUITestsLaunchTests.swift in Sources */ = {isa = PBXBuildFile; fileRef = 6F521CF72A5FA19C0001BA90 /* iOSCaseStudyUITestsLaunchTests.swift */; };
		6F521D062A5FA8E80001BA90 /* AppDelegate.swift in Sources */ = {isa = PBXBuildFile; fileRef = 6F521D052A5FA8E80001BA90 /* AppDelegate.swift */; };
/* End PBXBuildFile section */

/* Begin PBXContainerItemProxy section */
		6F521CE82A5FA19C0001BA90 /* PBXContainerItemProxy */ = {
			isa = PBXContainerItemProxy;
			containerPortal = 6F521CC92A5FA19A0001BA90 /* Project object */;
			proxyType = 1;
			remoteGlobalIDString = 6F521CD02A5FA19A0001BA90;
			remoteInfo = iOSCaseStudy;
		};
		6F521CF22A5FA19C0001BA90 /* PBXContainerItemProxy */ = {
			isa = PBXContainerItemProxy;
			containerPortal = 6F521CC92A5FA19A0001BA90 /* Project object */;
			proxyType = 1;
			remoteGlobalIDString = 6F521CD02A5FA19A0001BA90;
			remoteInfo = iOSCaseStudy;
		};
/* End PBXContainerItemProxy section */

/* Begin PBXFileReference section */
		6F521CD12A5FA19A0001BA90 /* iOSCaseStudy.app */ = {isa = PBXFileReference; explicitFileType = wrapper.application; includeInIndex = 0; path = iOSCaseStudy.app; sourceTree = BUILT_PRODUCTS_DIR; };
		6F521CD62A5FA19A0001BA90 /* SceneDelegate.swift */ = {isa = PBXFileReference; lastKnownFileType = sourcecode.swift; path = SceneDelegate.swift; sourceTree = "<group>"; };
		6F521CD82A5FA19A0001BA90 /* ViewController.swift */ = {isa = PBXFileReference; lastKnownFileType = sourcecode.swift; path = ViewController.swift; sourceTree = "<group>"; };
		6F521CDB2A5FA19A0001BA90 /* Base */ = {isa = PBXFileReference; lastKnownFileType = file.storyboard; name = Base; path = Base.lproj/Main.storyboard; sourceTree = "<group>"; };
		6F521CDD2A5FA19C0001BA90 /* Assets.xcassets */ = {isa = PBXFileReference; lastKnownFileType = folder.assetcatalog; path = Assets.xcassets; sourceTree = "<group>"; };
		6F521CE02A5FA19C0001BA90 /* Base */ = {isa = PBXFileReference; lastKnownFileType = file.storyboard; name = Base; path = Base.lproj/LaunchScreen.storyboard; sourceTree = "<group>"; };
		6F521CE22A5FA19C0001BA90 /* Info.plist */ = {isa = PBXFileReference; lastKnownFileType = text.plist.xml; path = Info.plist; sourceTree = "<group>"; };
		6F521CE72A5FA19C0001BA90 /* iOSCaseStudyTests.xctest */ = {isa = PBXFileReference; explicitFileType = wrapper.cfbundle; includeInIndex = 0; path = iOSCaseStudyTests.xctest; sourceTree = BUILT_PRODUCTS_DIR; };
		6F521CEB2A5FA19C0001BA90 /* iOSCaseStudyTests.swift */ = {isa = PBXFileReference; lastKnownFileType = sourcecode.swift; path = iOSCaseStudyTests.swift; sourceTree = "<group>"; };
		6F521CF12A5FA19C0001BA90 /* iOSCaseStudyUITests.xctest */ = {isa = PBXFileReference; explicitFileType = wrapper.cfbundle; includeInIndex = 0; path = iOSCaseStudyUITests.xctest; sourceTree = BUILT_PRODUCTS_DIR; };
		6F521CF52A5FA19C0001BA90 /* iOSCaseStudyUITests.swift */ = {isa = PBXFileReference; lastKnownFileType = sourcecode.swift; path = iOSCaseStudyUITests.swift; sourceTree = "<group>"; };
		6F521CF72A5FA19C0001BA90 /* iOSCaseStudyUITestsLaunchTests.swift */ = {isa = PBXFileReference; lastKnownFileType = sourcecode.swift; path = iOSCaseStudyUITestsLaunchTests.swift; sourceTree = "<group>"; };
		6F521D052A5FA8E80001BA90 /* AppDelegate.swift */ = {isa = PBXFileReference; fileEncoding = 4; lastKnownFileType = sourcecode.swift; path = AppDelegate.swift; sourceTree = "<group>"; };
/* End PBXFileReference section */

/* Begin PBXFrameworksBuildPhase section */
		6F521CCE2A5FA19A0001BA90 /* Frameworks */ = {
			isa = PBXFrameworksBuildPhase;
			buildActionMask = 2147483647;
			files = (
			);
			runOnlyForDeploymentPostprocessing = 0;
		};
		6F521CE42A5FA19C0001BA90 /* Frameworks */ = {
			isa = PBXFrameworksBuildPhase;
			buildActionMask = 2147483647;
			files = (
			);
			runOnlyForDeploymentPostprocessing = 0;
		};
		6F521CEE2A5FA19C0001BA90 /* Frameworks */ = {
			isa = PBXFrameworksBuildPhase;
			buildActionMask = 2147483647;
			files = (
			);
			runOnlyForDeploymentPostprocessing = 0;
		};
/* End PBXFrameworksBuildPhase section */

/* Begin PBXGroup section */
		6F521CC82A5FA19A0001BA90 = {
			isa = PBXGroup;
			children = (
				6F521CD32A5FA19A0001BA90 /* iOSCaseStudy */,
				6F521CEA2A5FA19C0001BA90 /* iOSCaseStudyTests */,
				6F521CF42A5FA19C0001BA90 /* iOSCaseStudyUITests */,
				6F521CD22A5FA19A0001BA90 /* Products */,
			);
			sourceTree = "<group>";
		};
		6F521CD22A5FA19A0001BA90 /* Products */ = {
			isa = PBXGroup;
			children = (
				6F521CD12A5FA19A0001BA90 /* iOSCaseStudy.app */,
				6F521CE72A5FA19C0001BA90 /* iOSCaseStudyTests.xctest */,
				6F521CF12A5FA19C0001BA90 /* iOSCaseStudyUITests.xctest */,
			);
			name = Products;
			sourceTree = "<group>";
		};
		6F521CD32A5FA19A0001BA90 /* iOSCaseStudy */ = {
			isa = PBXGroup;
			children = (
				6F521D042A5FA8E80001BA90 /* AppDelegate */,
				6F521CD62A5FA19A0001BA90 /* SceneDelegate.swift */,
				6F521CD82A5FA19A0001BA90 /* ViewController.swift */,
				6F521CDA2A5FA19A0001BA90 /* Main.storyboard */,
				6F521CDD2A5FA19C0001BA90 /* Assets.xcassets */,
				6F521CDF2A5FA19C0001BA90 /* LaunchScreen.storyboard */,
				6F521CE22A5FA19C0001BA90 /* Info.plist */,
			);
			path = iOSCaseStudy;
			sourceTree = "<group>";
		};
		6F521CEA2A5FA19C0001BA90 /* iOSCaseStudyTests */ = {
			isa = PBXGroup;
			children = (
				6F521CEB2A5FA19C0001BA90 /* iOSCaseStudyTests.swift */,
			);
			path = iOSCaseStudyTests;
			sourceTree = "<group>";
		};
		6F521CF42A5FA19C0001BA90 /* iOSCaseStudyUITests */ = {
			isa = PBXGroup;
			children = (
				6F521CF52A5FA19C0001BA90 /* iOSCaseStudyUITests.swift */,
				6F521CF72A5FA19C0001BA90 /* iOSCaseStudyUITestsLaunchTests.swift */,
			);
			path = iOSCaseStudyUITests;
			sourceTree = "<group>";
		};
		6F521D042A5FA8E80001BA90 /* AppDelegate */ = {
			isa = PBXGroup;
			children = (
				6F521D052A5FA8E80001BA90 /* AppDelegate.swift */,
			);
			path = AppDelegate;
			sourceTree = "<group>";
		};
/* End PBXGroup section */

/* Begin PBXNativeTarget section */
		6F521CD02A5FA19A0001BA90 /* iOSCaseStudy */ = {
			isa = PBXNativeTarget;
			buildConfigurationList = 6F521CFB2A5FA19C0001BA90 /* Build configuration list for PBXNativeTarget "iOSCaseStudy" */;
			buildPhases = (
				6F521CCD2A5FA19A0001BA90 /* Sources */,
				6F521CCE2A5FA19A0001BA90 /* Frameworks */,
				6F521CCF2A5FA19A0001BA90 /* Resources */,
			);
			buildRules = (
			);
			dependencies = (
			);
			name = iOSCaseStudy;
			productName = iOSCaseStudy;
			productReference = 6F521CD12A5FA19A0001BA90 /* iOSCaseStudy.app */;
			productType = "com.apple.product-type.application";
		};
		6F521CE62A5FA19C0001BA90 /* iOSCaseStudyTests */ = {
			isa = PBXNativeTarget;
			buildConfigurationList = 6F521CFE2A5FA19C0001BA90 /* Build configuration list for PBXNativeTarget "iOSCaseStudyTests" */;
			buildPhases = (
				6F521CE32A5FA19C0001BA90 /* Sources */,
				6F521CE42A5FA19C0001BA90 /* Frameworks */,
				6F521CE52A5FA19C0001BA90 /* Resources */,
			);
			buildRules = (
			);
			dependencies = (
				6F521CE92A5FA19C0001BA90 /* PBXTargetDependency */,
			);
			name = iOSCaseStudyTests;
			productName = iOSCaseStudyTests;
			productReference = 6F521CE72A5FA19C0001BA90 /* iOSCaseStudyTests.xctest */;
			productType = "com.apple.product-type.bundle.unit-test";
		};
		6F521CF02A5FA19C0001BA90 /* iOSCaseStudyUITests */ = {
			isa = PBXNativeTarget;
			buildConfigurationList = 6F521D012A5FA19C0001BA90 /* Build configuration list for PBXNativeTarget "iOSCaseStudyUITests" */;
			buildPhases = (
				6F521CED2A5FA19C0001BA90 /* Sources */,
				6F521CEE2A5FA19C0001BA90 /* Frameworks */,
				6F521CEF2A5FA19C0001BA90 /* Resources */,
			);
			buildRules = (
			);
			dependencies = (
				6F521CF32A5FA19C0001BA90 /* PBXTargetDependency */,
			);
			name = iOSCaseStudyUITests;
			productName = iOSCaseStudyUITests;
			productReference = 6F521CF12A5FA19C0001BA90 /* iOSCaseStudyUITests.xctest */;
			productType = "com.apple.product-type.bundle.ui-testing";
		};
/* End PBXNativeTarget section */

/* Begin PBXProject section */
		6F521CC92A5FA19A0001BA90 /* Project object */ = {
			isa = PBXProject;
			attributes = {
				BuildIndependentTargetsInParallel = 1;
				LastSwiftUpdateCheck = 1430;
				LastUpgradeCheck = 1430;
				TargetAttributes = {
					6F521CD02A5FA19A0001BA90 = {
						CreatedOnToolsVersion = 14.3.1;
					};
					6F521CE62A5FA19C0001BA90 = {
						CreatedOnToolsVersion = 14.3.1;
						TestTargetID = 6F521CD02A5FA19A0001BA90;
					};
					6F521CF02A5FA19C0001BA90 = {
						CreatedOnToolsVersion = 14.3.1;
						TestTargetID = 6F521CD02A5FA19A0001BA90;
					};
				};
			};
			buildConfigurationList = 6F521CCC2A5FA19A0001BA90 /* Build configuration list for PBXProject "iOSCaseStudy" */;
			compatibilityVersion = "Xcode 14.0";
			developmentRegion = en;
			hasScannedForEncodings = 0;
			knownRegions = (
				en,
				Base,
			);
			mainGroup = 6F521CC82A5FA19A0001BA90;
			productRefGroup = 6F521CD22A5FA19A0001BA90 /* Products */;
			projectDirPath = "";
			projectRoot = "";
			targets = (
				6F521CD02A5FA19A0001BA90 /* iOSCaseStudy */,
				6F521CE62A5FA19C0001BA90 /* iOSCaseStudyTests */,
				6F521CF02A5FA19C0001BA90 /* iOSCaseStudyUITests */,
			);
		};
/* End PBXProject section */

/* Begin PBXResourcesBuildPhase section */
		6F521CCF2A5FA19A0001BA90 /* Resources */ = {
			isa = PBXResourcesBuildPhase;
			buildActionMask = 2147483647;
			files = (
				6F521CE12A5FA19C0001BA90 /* LaunchScreen.storyboard in Resources */,
				6F521CDE2A5FA19C0001BA90 /* Assets.xcassets in Resources */,
				6F521CDC2A5FA19A0001BA90 /* Main.storyboard in Resources */,
			);
			runOnlyForDeploymentPostprocessing = 0;
		};
		6F521CE52A5FA19C0001BA90 /* Resources */ = {
			isa = PBXResourcesBuildPhase;
			buildActionMask = 2147483647;
			files = (
			);
			runOnlyForDeploymentPostprocessing = 0;
		};
		6F521CEF2A5FA19C0001BA90 /* Resources */ = {
			isa = PBXResourcesBuildPhase;
			buildActionMask = 2147483647;
			files = (
			);
			runOnlyForDeploymentPostprocessing = 0;
		};
/* End PBXResourcesBuildPhase section */

/* Begin PBXSourcesBuildPhase section */
		6F521CCD2A5FA19A0001BA90 /* Sources */ = {
			isa = PBXSourcesBuildPhase;
			buildActionMask = 2147483647;
			files = (
				6F521D062A5FA8E80001BA90 /* AppDelegate.swift in Sources */,
				6F521CD92A5FA19A0001BA90 /* ViewController.swift in Sources */,
				6F521CD72A5FA19A0001BA90 /* SceneDelegate.swift in Sources */,
			);
			runOnlyForDeploymentPostprocessing = 0;
		};
		6F521CE32A5FA19C0001BA90 /* Sources */ = {
			isa = PBXSourcesBuildPhase;
			buildActionMask = 2147483647;
			files = (
				6F521CEC2A5FA19C0001BA90 /* iOSCaseStudyTests.swift in Sources */,
			);
			runOnlyForDeploymentPostprocessing = 0;
		};
		6F521CED2A5FA19C0001BA90 /* Sources */ = {
			isa = PBXSourcesBuildPhase;
			buildActionMask = 2147483647;
			files = (
				6F521CF82A5FA19C0001BA90 /* iOSCaseStudyUITestsLaunchTests.swift in Sources */,
				6F521CF62A5FA19C0001BA90 /* iOSCaseStudyUITests.swift in Sources */,
			);
			runOnlyForDeploymentPostprocessing = 0;
		};
/* End PBXSourcesBuildPhase section */

/* Begin PBXTargetDependency section */
		6F521CE92A5FA19C0001BA90 /* PBXTargetDependency */ = {
			isa = PBXTargetDependency;
			target = 6F521CD02A5FA19A0001BA90 /* iOSCaseStudy */;
			targetProxy = 6F521CE82A5FA19C0001BA90 /* PBXContainerItemProxy */;
		};
		6F521CF32A5FA19C0001BA90 /* PBXTargetDependency */ = {
			isa = PBXTargetDependency;
			target = 6F521CD02A5FA19A0001BA90 /* iOSCaseStudy */;
			targetProxy = 6F521CF22A5FA19C0001BA90 /* PBXContainerItemProxy */;
		};
/* End PBXTargetDependency section */

/* Begin PBXVariantGroup section */
		6F521CDA2A5FA19A0001BA90 /* Main.storyboard */ = {
			isa = PBXVariantGroup;
			children = (
				6F521CDB2A5FA19A0001BA90 /* Base */,
			);
			name = Main.storyboard;
			sourceTree = "<group>";
		};
		6F521CDF2A5FA19C0001BA90 /* LaunchScreen.storyboard */ = {
			isa = PBXVariantGroup;
			children = (
				6F521CE02A5FA19C0001BA90 /* Base */,
			);
			name = LaunchScreen.storyboard;
			sourceTree = "<group>";
		};
/* End PBXVariantGroup section */

/* Begin XCBuildConfiguration section */
		6F521CF92A5FA19C0001BA90 /* Debug */ = {
			isa = XCBuildConfiguration;
			buildSettings = {
				ALWAYS_SEARCH_USER_PATHS = NO;
				CLANG_ANALYZER_NONNULL = YES;
				CLANG_ANALYZER_NUMBER_OBJECT_CONVERSION = YES_AGGRESSIVE;
				CLANG_CXX_LANGUAGE_STANDARD = "gnu++20";
				CLANG_ENABLE_MODULES = YES;
				CLANG_ENABLE_OBJC_ARC = YES;
				CLANG_ENABLE_OBJC_WEAK = YES;
				CLANG_WARN_BLOCK_CAPTURE_AUTORELEASING = YES;
				CLANG_WARN_BOOL_CONVERSION = YES;
				CLANG_WARN_COMMA = YES;
				CLANG_WARN_CONSTANT_CONVERSION = YES;
				CLANG_WARN_DEPRECATED_OBJC_IMPLEMENTATIONS = YES;
				CLANG_WARN_DIRECT_OBJC_ISA_USAGE = YES_ERROR;
				CLANG_WARN_DOCUMENTATION_COMMENTS = YES;
				CLANG_WARN_EMPTY_BODY = YES;
				CLANG_WARN_ENUM_CONVERSION = YES;
				CLANG_WARN_INFINITE_RECURSION = YES;
				CLANG_WARN_INT_CONVERSION = YES;
				CLANG_WARN_NON_LITERAL_NULL_CONVERSION = YES;
				CLANG_WARN_OBJC_IMPLICIT_RETAIN_SELF = YES;
				CLANG_WARN_OBJC_LITERAL_CONVERSION = YES;
				CLANG_WARN_OBJC_ROOT_CLASS = YES_ERROR;
				CLANG_WARN_QUOTED_INCLUDE_IN_FRAMEWORK_HEADER = YES;
				CLANG_WARN_RANGE_LOOP_ANALYSIS = YES;
				CLANG_WARN_STRICT_PROTOTYPES = YES;
				CLANG_WARN_SUSPICIOUS_MOVE = YES;
				CLANG_WARN_UNGUARDED_AVAILABILITY = YES_AGGRESSIVE;
				CLANG_WARN_UNREACHABLE_CODE = YES;
				CLANG_WARN__DUPLICATE_METHOD_MATCH = YES;
				COPY_PHASE_STRIP = NO;
				DEBUG_INFORMATION_FORMAT = dwarf;
				ENABLE_STRICT_OBJC_MSGSEND = YES;
				ENABLE_TESTABILITY = YES;
				GCC_C_LANGUAGE_STANDARD = gnu11;
				GCC_DYNAMIC_NO_PIC = NO;
				GCC_NO_COMMON_BLOCKS = YES;
				GCC_OPTIMIZATION_LEVEL = 0;
				GCC_PREPROCESSOR_DEFINITIONS = (
					"DEBUG=1",
					"$(inherited)",
				);
				GCC_WARN_64_TO_32_BIT_CONVERSION = YES;
				GCC_WARN_ABOUT_RETURN_TYPE = YES_ERROR;
				GCC_WARN_UNDECLARED_SELECTOR = YES;
				GCC_WARN_UNINITIALIZED_AUTOS = YES_AGGRESSIVE;
				GCC_WARN_UNUSED_FUNCTION = YES;
				GCC_WARN_UNUSED_VARIABLE = YES;
				IPHONEOS_DEPLOYMENT_TARGET = 16.4;
				MTL_ENABLE_DEBUG_INFO = INCLUDE_SOURCE;
				MTL_FAST_MATH = YES;
				ONLY_ACTIVE_ARCH = YES;
				SDKROOT = iphoneos;
				SWIFT_ACTIVE_COMPILATION_CONDITIONS = DEBUG;
				SWIFT_OPTIMIZATION_LEVEL = "-Onone";
			};
			name = Debug;
		};
		6F521CFA2A5FA19C0001BA90 /* Release */ = {
			isa = XCBuildConfiguration;
			buildSettings = {
				ALWAYS_SEARCH_USER_PATHS = NO;
				CLANG_ANALYZER_NONNULL = YES;
				CLANG_ANALYZER_NUMBER_OBJECT_CONVERSION = YES_AGGRESSIVE;
				CLANG_CXX_LANGUAGE_STANDARD = "gnu++20";
				CLANG_ENABLE_MODULES = YES;
				CLANG_ENABLE_OBJC_ARC = YES;
				CLANG_ENABLE_OBJC_WEAK = YES;
				CLANG_WARN_BLOCK_CAPTURE_AUTORELEASING = YES;
				CLANG_WARN_BOOL_CONVERSION = YES;
				CLANG_WARN_COMMA = YES;
				CLANG_WARN_CONSTANT_CONVERSION = YES;
				CLANG_WARN_DEPRECATED_OBJC_IMPLEMENTATIONS = YES;
				CLANG_WARN_DIRECT_OBJC_ISA_USAGE = YES_ERROR;
				CLANG_WARN_DOCUMENTATION_COMMENTS = YES;
				CLANG_WARN_EMPTY_BODY = YES;
				CLANG_WARN_ENUM_CONVERSION = YES;
				CLANG_WARN_INFINITE_RECURSION = YES;
				CLANG_WARN_INT_CONVERSION = YES;
				CLANG_WARN_NON_LITERAL_NULL_CONVERSION = YES;
				CLANG_WARN_OBJC_IMPLICIT_RETAIN_SELF = YES;
				CLANG_WARN_OBJC_LITERAL_CONVERSION = YES;
				CLANG_WARN_OBJC_ROOT_CLASS = YES_ERROR;
				CLANG_WARN_QUOTED_INCLUDE_IN_FRAMEWORK_HEADER = YES;
				CLANG_WARN_RANGE_LOOP_ANALYSIS = YES;
				CLANG_WARN_STRICT_PROTOTYPES = YES;
				CLANG_WARN_SUSPICIOUS_MOVE = YES;
				CLANG_WARN_UNGUARDED_AVAILABILITY = YES_AGGRESSIVE;
				CLANG_WARN_UNREACHABLE_CODE = YES;
				CLANG_WARN__DUPLICATE_METHOD_MATCH = YES;
				COPY_PHASE_STRIP = NO;
				DEBUG_INFORMATION_FORMAT = "dwarf-with-dsym";
				ENABLE_NS_ASSERTIONS = NO;
				ENABLE_STRICT_OBJC_MSGSEND = YES;
				GCC_C_LANGUAGE_STANDARD = gnu11;
				GCC_NO_COMMON_BLOCKS = YES;
				GCC_WARN_64_TO_32_BIT_CONVERSION = YES;
				GCC_WARN_ABOUT_RETURN_TYPE = YES_ERROR;
				GCC_WARN_UNDECLARED_SELECTOR = YES;
				GCC_WARN_UNINITIALIZED_AUTOS = YES_AGGRESSIVE;
				GCC_WARN_UNUSED_FUNCTION = YES;
				GCC_WARN_UNUSED_VARIABLE = YES;
				IPHONEOS_DEPLOYMENT_TARGET = 16.4;
				MTL_ENABLE_DEBUG_INFO = NO;
				MTL_FAST_MATH = YES;
				SDKROOT = iphoneos;
				SWIFT_COMPILATION_MODE = wholemodule;
				SWIFT_OPTIMIZATION_LEVEL = "-O";
				VALIDATE_PRODUCT = YES;
			};
			name = Release;
		};
		6F521CFC2A5FA19C0001BA90 /* Debug */ = {
			isa = XCBuildConfiguration;
			buildSettings = {
				ASSETCATALOG_COMPILER_APPICON_NAME = AppIcon;
				ASSETCATALOG_COMPILER_GLOBAL_ACCENT_COLOR_NAME = AccentColor;
				CODE_SIGN_STYLE = Automatic;
				CURRENT_PROJECT_VERSION = 1;
				GENERATE_INFOPLIST_FILE = YES;
				INFOPLIST_FILE = iOSCaseStudy/Info.plist;
				INFOPLIST_KEY_UIApplicationSupportsIndirectInputEvents = YES;
				INFOPLIST_KEY_UILaunchStoryboardName = LaunchScreen;
				INFOPLIST_KEY_UIMainStoryboardFile = Main;
				INFOPLIST_KEY_UISupportedInterfaceOrientations_iPad = "UIInterfaceOrientationPortrait UIInterfaceOrientationPortraitUpsideDown UIInterfaceOrientationLandscapeLeft UIInterfaceOrientationLandscapeRight";
				INFOPLIST_KEY_UISupportedInterfaceOrientations_iPhone = "UIInterfaceOrientationPortrait UIInterfaceOrientationLandscapeLeft UIInterfaceOrientationLandscapeRight";
				LD_RUNPATH_SEARCH_PATHS = (
					"$(inherited)",
					"@executable_path/Frameworks",
				);
				MARKETING_VERSION = 1.0;
				PRODUCT_BUNDLE_IDENTIFIER = ioscasestudy.iOSCaseStudy;
				PRODUCT_NAME = "$(TARGET_NAME)";
				SWIFT_EMIT_LOC_STRINGS = YES;
				SWIFT_VERSION = 5.0;
				TARGETED_DEVICE_FAMILY = "1,2";
			};
			name = Debug;
		};
		6F521CFD2A5FA19C0001BA90 /* Release */ = {
			isa = XCBuildConfiguration;
			buildSettings = {
				ASSETCATALOG_COMPILER_APPICON_NAME = AppIcon;
				ASSETCATALOG_COMPILER_GLOBAL_ACCENT_COLOR_NAME = AccentColor;
				CODE_SIGN_STYLE = Automatic;
				CURRENT_PROJECT_VERSION = 1;
				GENERATE_INFOPLIST_FILE = YES;
				INFOPLIST_FILE = iOSCaseStudy/Info.plist;
				INFOPLIST_KEY_UIApplicationSupportsIndirectInputEvents = YES;
				INFOPLIST_KEY_UILaunchStoryboardName = LaunchScreen;
				INFOPLIST_KEY_UIMainStoryboardFile = Main;
				INFOPLIST_KEY_UISupportedInterfaceOrientations_iPad = "UIInterfaceOrientationPortrait UIInterfaceOrientationPortraitUpsideDown UIInterfaceOrientationLandscapeLeft UIInterfaceOrientationLandscapeRight";
				INFOPLIST_KEY_UISupportedInterfaceOrientations_iPhone = "UIInterfaceOrientationPortrait UIInterfaceOrientationLandscapeLeft UIInterfaceOrientationLandscapeRight";
				LD_RUNPATH_SEARCH_PATHS = (
					"$(inherited)",
					"@executable_path/Frameworks",
				);
				MARKETING_VERSION = 1.0;
				PRODUCT_BUNDLE_IDENTIFIER = ioscasestudy.iOSCaseStudy;
				PRODUCT_NAME = "$(TARGET_NAME)";
				SWIFT_EMIT_LOC_STRINGS = YES;
				SWIFT_VERSION = 5.0;
				TARGETED_DEVICE_FAMILY = "1,2";
			};
			name = Release;
		};
		6F521CFF2A5FA19C0001BA90 /* Debug */ = {
			isa = XCBuildConfiguration;
			buildSettings = {
				ALWAYS_EMBED_SWIFT_STANDARD_LIBRARIES = YES;
				BUNDLE_LOADER = "$(TEST_HOST)";
				CODE_SIGN_STYLE = Automatic;
				CURRENT_PROJECT_VERSION = 1;
				GENERATE_INFOPLIST_FILE = YES;
				IPHONEOS_DEPLOYMENT_TARGET = 16.4;
				MARKETING_VERSION = 1.0;
				PRODUCT_BUNDLE_IDENTIFIER = ioscasestudy.iOSCaseStudyTests;
				PRODUCT_NAME = "$(TARGET_NAME)";
				SWIFT_EMIT_LOC_STRINGS = NO;
				SWIFT_VERSION = 5.0;
				TARGETED_DEVICE_FAMILY = "1,2";
				TEST_HOST = "$(BUILT_PRODUCTS_DIR)/iOSCaseStudy.app/$(BUNDLE_EXECUTABLE_FOLDER_PATH)/iOSCaseStudy";
			};
			name = Debug;
		};
		6F521D002A5FA19C0001BA90 /* Release */ = {
			isa = XCBuildConfiguration;
			buildSettings = {
				ALWAYS_EMBED_SWIFT_STANDARD_LIBRARIES = YES;
				BUNDLE_LOADER = "$(TEST_HOST)";
				CODE_SIGN_STYLE = Automatic;
				CURRENT_PROJECT_VERSION = 1;
				GENERATE_INFOPLIST_FILE = YES;
				IPHONEOS_DEPLOYMENT_TARGET = 16.4;
				MARKETING_VERSION = 1.0;
				PRODUCT_BUNDLE_IDENTIFIER = ioscasestudy.iOSCaseStudyTests;
				PRODUCT_NAME = "$(TARGET_NAME)";
				SWIFT_EMIT_LOC_STRINGS = NO;
				SWIFT_VERSION = 5.0;
				TARGETED_DEVICE_FAMILY = "1,2";
				TEST_HOST = "$(BUILT_PRODUCTS_DIR)/iOSCaseStudy.app/$(BUNDLE_EXECUTABLE_FOLDER_PATH)/iOSCaseStudy";
			};
			name = Release;
		};
		6F521D022A5FA19C0001BA90 /* Debug */ = {
			isa = XCBuildConfiguration;
			buildSettings = {
				ALWAYS_EMBED_SWIFT_STANDARD_LIBRARIES = YES;
				CODE_SIGN_STYLE = Automatic;
				CURRENT_PROJECT_VERSION = 1;
				GENERATE_INFOPLIST_FILE = YES;
				MARKETING_VERSION = 1.0;
				PRODUCT_BUNDLE_IDENTIFIER = ioscasestudy.iOSCaseStudyUITests;
				PRODUCT_NAME = "$(TARGET_NAME)";
				SWIFT_EMIT_LOC_STRINGS = NO;
				SWIFT_VERSION = 5.0;
				TARGETED_DEVICE_FAMILY = "1,2";
				TEST_TARGET_NAME = iOSCaseStudy;
			};
			name = Debug;
		};
		6F521D032A5FA19C0001BA90 /* Release */ = {
			isa = XCBuildConfiguration;
			buildSettings = {
				ALWAYS_EMBED_SWIFT_STANDARD_LIBRARIES = YES;
				CODE_SIGN_STYLE = Automatic;
				CURRENT_PROJECT_VERSION = 1;
				GENERATE_INFOPLIST_FILE = YES;
				MARKETING_VERSION = 1.0;
				PRODUCT_BUNDLE_IDENTIFIER = ioscasestudy.iOSCaseStudyUITests;
				PRODUCT_NAME = "$(TARGET_NAME)";
				SWIFT_EMIT_LOC_STRINGS = NO;
				SWIFT_VERSION = 5.0;
				TARGETED_DEVICE_FAMILY = "1,2";
				TEST_TARGET_NAME = iOSCaseStudy;
			};
			name = Release;
		};
/* End XCBuildConfiguration section */

/* Begin XCConfigurationList section */
		6F521CCC2A5FA19A0001BA90 /* Build configuration list for PBXProject "iOSCaseStudy" */ = {
			isa = XCConfigurationList;
			buildConfigurations = (
				6F521CF92A5FA19C0001BA90 /* Debug */,
				6F521CFA2A5FA19C0001BA90 /* Release */,
			);
			defaultConfigurationIsVisible = 0;
			defaultConfigurationName = Release;
		};
		6F521CFB2A5FA19C0001BA90 /* Build configuration list for PBXNativeTarget "iOSCaseStudy" */ = {
			isa = XCConfigurationList;
			buildConfigurations = (
				6F521CFC2A5FA19C0001BA90 /* Debug */,
				6F521CFD2A5FA19C0001BA90 /* Release */,
			);
			defaultConfigurationIsVisible = 0;
			defaultConfigurationName = Release;
		};
		6F521CFE2A5FA19C0001BA90 /* Build configuration list for PBXNativeTarget "iOSCaseStudyTests" */ = {
			isa = XCConfigurationList;
			buildConfigurations = (
				6F521CFF2A5FA19C0001BA90 /* Debug */,
				6F521D002A5FA19C0001BA90 /* Release */,
			);
			defaultConfigurationIsVisible = 0;
			defaultConfigurationName = Release;
		};
		6F521D012A5FA19C0001BA90 /* Build configuration list for PBXNativeTarget "iOSCaseStudyUITests" */ = {
			isa = XCConfigurationList;
			buildConfigurations = (
				6F521D022A5FA19C0001BA90 /* Debug */,
				6F521D032A5FA19C0001BA90 /* Release */,
			);
			defaultConfigurationIsVisible = 0;
			defaultConfigurationName = Release;
		};
/* End XCConfigurationList section */
	};
	rootObject = 6F521CC92A5FA19A0001BA90 /* Project object */;
}
